{
  "name": "Server",
  "lockfileVersion": 3,
  "requires": true,
  "packages": {
    "": {
      "dependencies": {
        "filetype": "^0.1.0"
      }
    },
    "node_modules/filetype": {
      "version": "0.1.0",
      "resolved": "https://registry.npmjs.org/filetype/-/filetype-0.1.0.tgz",
      "integrity": "sha512-QEezqqGzkxJQDXt1eXuFR+atfbcH/ZNuMUbW1VAEfyqc4BgrWSanpsc9GaMiDop7Fss5SAsRnGqIwG5N4ZVY8g=="
    }
  }
}
